
Microsoft Visual Studio Solution File, Format Version 12.00
# Visual Studio Version 17
VisualStudioVersion = 17.8.34330.188
MinimumVisualStudioVersion = 10.0.40219.1
Project("{FAE04EC0-301F-11D3-BF4B-00C04F79EFBC}") = "SiteDeRol", "SiteDeRol\SiteDeRol.csproj", "{37208BDF-208D-45C0-9F9C-DCAD5627B558}"
EndProject
Global
	GlobalSection(SolutionConfigurationPlatforms) = preSolution
		Debug|Any CPU = Debug|Any CPU
		Release|Any CPU = Release|Any CPU
	EndGlobalSection
	GlobalSection(ProjectConfigurationPlatforms) = postSolution
		{37208BDF-208D-45C0-9F9C-DCAD5627B558}.Debug|Any CPU.ActiveCfg = Debug|Any CPU
		{37208BDF-208D-45C0-9F9C-DCAD5627B558}.Debug|Any CPU.Build.0 = Debug|Any CPU
		{37208BDF-208D-45C0-9F9C-DCAD5627B558}.Release|Any CPU.ActiveCfg = Release|Any CPU
		{37208BDF-208D-45C0-9F9C-DCAD5627B558}.Release|Any CPU.Build.0 = Release|Any CPU
	EndGlobalSection
	GlobalSection(SolutionProperties) = preSolution
		HideSolutionNode = FALSE
	EndGlobalSection
	GlobalSection(ExtensibilityGlobals) = postSolution
		SolutionGuid = {6D37634F-EADD-410E-9C7C-5EF7BBD2AFD8}
	EndGlobalSection
EndGlobal
